PODS:
  - BmobSDK (2.0.1)
  - FMDB (2.6.2):
    - FMDB/standard (= 2.6.2)
  - FMDB/standard (2.6.2)
  - MBProgressHUD (1.0.0)
  - MOBFoundation (2.2.11)
  - ShareSDK3 (3.5.4):
    - MOBFoundation
    - ShareSDK3/ShareSDK (= 3.5.4)
  - ShareSDK3/ShareSDK (3.5.4):
    - MOBFoundation
  - ShareSDK3/ShareSDKExtension (3.5.4):
    - MOBFoundation
  - ShareSDK3/ShareSDKPlatforms/QQ (3.5.4):
    - MOBFoundation
  - ShareSDK3/ShareSDKPlatforms/SinaWeibo (3.5.4):
    - MOBFoundation
  - ShareSDK3/ShareSDKPlatforms/WeChat (3.5.4):
    - MOBFoundation
  - ShareSDK3/ShareSDKUI (3.5.4):
    - MOBFoundation

DEPENDENCIES:
  - BmobSDK
  - FMDB (~> 2.6.2)
  - MBProgressHUD (~> 1.0.0)
  - MOBFoundation
  - ShareSDK3
  - ShareSDK3/ShareSDKExtension
  - ShareSDK3/ShareSDKPlatforms/QQ
  - ShareSDK3/ShareSDKPlatforms/SinaWeibo
  - ShareSDK3/ShareSDKPlatforms/WeChat
  - ShareSDK3/ShareSDKUI

SPEC CHECKSUMS:
  BmobSDK: 315013af15af31697a3b92cad2c74effed849b85
  FMDB: 854a0341b4726e53276f2a8996f06f1b80f9259a
  MBProgressHUD: 4890f671c94e8a0f3cf959aa731e9de2f036d71a
  MOBFoundation: 170a1b551023123590c349c491584d0d081ad5d5
  ShareSDK3: 80e4208c44b259781a17c411f6feec99b604fc25

PODFILE CHECKSUM: 52ba30ea1a6faa0a8af368be7009c22622afc1da

COCOAPODS: 1.0.1
